{
  "name": "web",
  "version": "1.0.0",
  "lockfileVersion": 1,
  "requires": true,
  "dependencies": {
    "charenc": {
      "version": "0.0.2",
      "resolved": "https://registry.npmjs.org/charenc/-/charenc-0.0.2.tgz",
      "integrity": "sha1-wKHS86cJLgN3S/qD8UwPxXkKhmc="
    },
    "crypt": {
      "version": "0.0.2",
      "resolved": "https://registry.npmjs.org/crypt/-/crypt-0.0.2.tgz",
      "integrity": "sha1-iNf/fsDfuG9xPch7u0LQRNPmxBs="
    },
    "is-buffer": {
      "version": "1.1.6",
      "resolved": "https://registry.npmjs.org/is-buffer/-/is-buffer-1.1.6.tgz",
      "integrity": "sha512-NcdALwpXkTm5Zvvbk7owOUSvVvBKDgKP5/ewfXEznmQFfs4ZRmanOeKBTjRVjka3QFoN6XJ+9F3USqfHqTaU5w=="
    },
    "md5": {
      "version": "2.2.1",
      "resolved": "https://registry.npmjs.org/md5/-/md5-2.2.1.tgz",
      "integrity": "sha1-U6s41f48iJG6RlMp6iP6wFQBJvk=",
      "requires": {
        "charenc": "~0.0.1",
        "crypt": "~0.0.1",
        "is-buffer": "~1.1.1"
      }
    },
    "uniqid": {
      "version": "5.2.0",
      "resolved": "https://registry.npmjs.org/uniqid/-/uniqid-5.2.0.tgz",
      "integrity": "sha512-LH8zsvwJ/GL6YtNfSOmMCrI9piraAUjBfw2MCvleNE6a4pVKJwXjG2+HWhkVeFcSg+nmaPKbMrMOoxwQluZ1Mg=="
    },
    "vegana-engine": {
      "version": "0.0.97982",
      "resolved": "https://registry.npmjs.org/vegana-engine/-/vegana-engine-0.0.97982.tgz",
      "integrity": "sha512-JxBCqFacRXTZ7HoCWFWVOWtgz0Vbk/mEIZAJjBtdU+H0nQlXfKsX4O5w9A7dmGgRNaHzNkE+D43Q8O4hnfDlOw==",
      "requires": {
        "md5": "^2.2.1",
        "uniqid": "^5.0.3"
      }
    }
  }
}
